// !$*UTF8*$!
{
	archiveVersion = 1;
	classes = {
	};
	objectVersion = 46;
	objects = {

/* Begin PBXBuildFile section */
		A7B900011A6405F300FF1D34 /* PostCardTests.swift in Sources */ = {isa = PBXBuildFile; fileRef = A7B900001A6405F300FF1D34 /* PostCardTests.swift */; };
		A7B9FFEB1A6405F300FF1D34 /* AppDelegate.swift in Sources */ = {isa = PBXBuildFile; fileRef = A7B9FFEA1A6405F300FF1D34 /* AppDelegate.swift */; };
		A7B9FFED1A6405F300FF1D34 /* ViewController.swift in Sources */ = {isa = PBXBuildFile; fileRef = A7B9FFEC1A6405F300FF1D34 /* ViewController.swift */; };
		A7B9FFF01A6405F300FF1D34 /* Main.storyboard in Resources */ = {isa = PBXBuildFile; fileRef = A7B9FFEE1A6405F300FF1D34 /* Main.storyboard */; };
		A7B9FFF21A6405F300FF1D34 /* Images.xcassets in Resources */ = {isa = PBXBuildFile; fileRef = A7B9FFF11A6405F300FF1D34 /* Images.xcassets */; };
		A7B9FFF51A6405F300FF1D34 /* LaunchScreen.xib in Resources */ = {isa = PBXBuildFile; fileRef = A7B9FFF31A6405F300FF1D34 /* LaunchScreen.xib */; };
		A7CA68391A640F7E008E65D7 /* SagradaFamilia.jpeg in Resources */ = {isa = PBXBuildFile; fileRef = A7CA68381A640F7E008E65D7 /* SagradaFamilia.jpeg */; };
		A7CA683B1A64155C008E65D7 /* AlbertEinsteinStamp.jpg in Resources */ = {isa = PBXBuildFile; fileRef = A7CA683A1A64155C008E65D7 /* AlbertEinsteinStamp.jpg */; };
/* End PBXBuildFile section */

/* Begin PBXContainerItemProxy section */
		A7B9FFFB1A6405F300FF1D34 /* PBXContainerItemProxy */ = {
			isa = PBXContainerItemProxy;
			containerPortal = A7B9FFDD1A6405F300FF1D34 /* Project object */;
			proxyType = 1;
			remoteGlobalIDString = A7B9FFE41A6405F300FF1D34;
			remoteInfo = PostCard;
		};
/* End PBXContainerItemProxy section */

/* Begin PBXFileReference section */
		A7B900001A6405F300FF1D34 /* PostCardTests.swift */ = {isa = PBXFileReference; lastKnownFileType = sourcecode.swift; path = PostCardTests.swift; sourceTree = "<group>"; };
		A7B9FFE51A6405F300FF1D34 /* PostCard.app */ = {isa = PBXFileReference; explicitFileType = wrapper.application; includeInIndex = 0; path = PostCard.app; sourceTree = BUILT_PRODUCTS_DIR; };
		A7B9FFE91A6405F300FF1D34 /* Info.plist */ = {isa = PBXFileReference; lastKnownFileType = text.plist.xml; path = Info.plist; sourceTree = "<group>"; };
		A7B9FFEA1A6405F300FF1D34 /* AppDelegate.swift */ = {isa = PBXFileReference; lastKnownFileType = sourcecode.swift; path = AppDelegate.swift; sourceTree = "<group>"; };
		A7B9FFEC1A6405F300FF1D34 /* ViewController.swift */ = {isa = PBXFileReference; lastKnownFileType = sourcecode.swift; path = ViewController.swift; sourceTree = "<group>"; };
		A7B9FFEF1A6405F300FF1D34 /* Base */ = {isa = PBXFileReference; lastKnownFileType = file.storyboard; name = Base; path = Base.lproj/Main.storyboard; sourceTree = "<group>"; };
		A7B9FFF11A6405F300FF1D34 /* Images.xcassets */ = {isa = PBXFileReference; lastKnownFileType = folder.assetcatalog; path = Images.xcassets; sourceTree = "<group>"; };
		A7B9FFF41A6405F300FF1D34 /* Base */ = {isa = PBXFileReference; lastKnownFileType = file.xib; name = Base; path = Base.lproj/LaunchScreen.xib; sourceTree = "<group>"; };
		A7B9FFFA1A6405F300FF1D34 /* PostCardTests.xctest */ = {isa = PBXFileReference; explicitFileType = wrapper.cfbundle; includeInIndex = 0; path = PostCardTests.xctest; sourceTree = BUILT_PRODUCTS_DIR; };
		A7B9FFFF1A6405F300FF1D34 /* Info.plist */ = {isa = PBXFileReference; lastKnownFileType = text.plist.xml; path = Info.plist; sourceTree = "<group>"; };
		A7CA68381A640F7E008E65D7 /* SagradaFamilia.jpeg */ = {isa = PBXFileReference; lastKnownFileType = image.jpeg; path = SagradaFamilia.jpeg; sourceTree = "<group>"; };
		A7CA683A1A64155C008E65D7 /* AlbertEinsteinStamp.jpg */ = {isa = PBXFileReference; lastKnownFileType = image.jpeg; path = AlbertEinsteinStamp.jpg; sourceTree = "<group>"; };
/* End PBXFileReference section */

/* Begin PBXFrameworksBuildPhase section */
		A7B9FFE21A6405F300FF1D34 /* Frameworks */ = {
			isa = PBXFrameworksBuildPhase;
			buildActionMask = 2147483647;
			files = (
			);
			runOnlyForDeploymentPostprocessing = 0;
		};
		A7B9FFF71A6405F300FF1D34 /* Frameworks */ = {
			isa = PBXFrameworksBuildPhase;
			buildActionMask = 2147483647;
			files = (
			);
			runOnlyForDeploymentPostprocessing = 0;
		};
/* End PBXFrameworksBuildPhase section */

/* Begin PBXGroup section */
		A7B9FFDC1A6405F300FF1D34 = {
			isa = PBXGroup;
			children = (
				A7B9FFE71A6405F300FF1D34 /* PostCard */,
				A7B9FFFD1A6405F300FF1D34 /* PostCardTests */,
				A7B9FFE61A6405F300FF1D34 /* Products */,
			);
			sourceTree = "<group>";
		};
		A7B9FFE61A6405F300FF1D34 /* Products */ = {
			isa = PBXGroup;
			children = (
				A7B9FFE51A6405F300FF1D34 /* PostCard.app */,
				A7B9FFFA1A6405F300FF1D34 /* PostCardTests.xctest */,
			);
			name = Products;
			sourceTree = "<group>";
		};
		A7B9FFE71A6405F300FF1D34 /* PostCard */ = {
			isa = PBXGroup;
			children = (
				A7B9FFEA1A6405F300FF1D34 /* AppDelegate.swift */,
				A7B9FFEC1A6405F300FF1D34 /* ViewController.swift */,
				A7B9FFEE1A6405F300FF1D34 /* Main.storyboard */,
				A7B9FFF11A6405F300FF1D34 /* Images.xcassets */,
				A7B9FFF31A6405F300FF1D34 /* LaunchScreen.xib */,
				A7B9FFE81A6405F300FF1D34 /* Supporting Files */,
			);
			path = PostCard;
			sourceTree = "<group>";
		};
		A7B9FFE81A6405F300FF1D34 /* Supporting Files */ = {
			isa = PBXGroup;
			children = (
				A7CA683A1A64155C008E65D7 /* AlbertEinsteinStamp.jpg */,
				A7CA68381A640F7E008E65D7 /* SagradaFamilia.jpeg */,
				A7B9FFE91A6405F300FF1D34 /* Info.plist */,
			);
			name = "Supporting Files";
			sourceTree = "<group>";
		};
		A7B9FFFD1A6405F300FF1D34 /* PostCardTests */ = {
			isa = PBXGroup;
			children = (
				A7B900001A6405F300FF1D34 /* PostCardTests.swift */,
				A7B9FFFE1A6405F300FF1D34 /* Supporting Files */,
			);
			path = PostCardTests;
			sourceTree = "<group>";
		};
		A7B9FFFE1A6405F300FF1D34 /* Supporting Files */ = {
			isa = PBXGroup;
			children = (
				A7B9FFFF1A6405F300FF1D34 /* Info.plist */,
			);
			name = "Supporting Files";
			sourceTree = "<group>";
		};
/* End PBXGroup section */

/* Begin PBXNativeTarget section */
		A7B9FFE41A6405F300FF1D34 /* PostCard */ = {
			isa = PBXNativeTarget;
			buildConfigurationList = A7B900041A6405F300FF1D34 /* Build configuration list for PBXNativeTarget "PostCard" */;
			buildPhases = (
				A7B9FFE11A6405F300FF1D34 /* Sources */,
				A7B9FFE21A6405F300FF1D34 /* Frameworks */,
				A7B9FFE31A6405F300FF1D34 /* Resources */,
			);
			buildRules = (
			);
			dependencies = (
			);
			name = PostCard;
			productName = PostCard;
			productReference = A7B9FFE51A6405F300FF1D34 /* PostCard.app */;
			productType = "com.apple.product-type.application";
		};
		A7B9FFF91A6405F300FF1D34 /* PostCardTests */ = {
			isa = PBXNativeTarget;
			buildConfigurationList = A7B900071A6405F300FF1D34 /* Build configuration list for PBXNativeTarget "PostCardTests" */;
			buildPhases = (
				A7B9FFF61A6405F300FF1D34 /* Sources */,
				A7B9FFF71A6405F300FF1D34 /* Frameworks */,
				A7B9FFF81A6405F300FF1D34 /* Resources */,
			);
			buildRules = (
			);
			dependencies = (
				A7B9FFFC1A6405F300FF1D34 /* PBXTargetDependency */,
			);
			name = PostCardTests;
			productName = PostCardTests;
			productReference = A7B9FFFA1A6405F300FF1D34 /* PostCardTests.xctest */;
			productType = "com.apple.product-type.bundle.unit-test";
		};
/* End PBXNativeTarget section */

/* Begin PBXProject section */
		A7B9FFDD1A6405F300FF1D34 /* Project object */ = {
			isa = PBXProject;
			attributes = {
				LastUpgradeCheck = 0610;
				ORGANIZATIONNAME = "Marcus Dunlap";
				TargetAttributes = {
					A7B9FFE41A6405F300FF1D34 = {
						CreatedOnToolsVersion = 6.1.1;
					};
					A7B9FFF91A6405F300FF1D34 = {
						CreatedOnToolsVersion = 6.1.1;
						TestTargetID = A7B9FFE41A6405F300FF1D34;
					};
				};
			};
			buildConfigurationList = A7B9FFE01A6405F300FF1D34 /* Build configuration list for PBXProject "PostCard" */;
			compatibilityVersion = "Xcode 3.2";
			developmentRegion = English;
			hasScannedForEncodings = 0;
			knownRegions = (
				en,
				Base,
			);
			mainGroup = A7B9FFDC1A6405F300FF1D34;
			productRefGroup = A7B9FFE61A6405F300FF1D34 /* Products */;
			projectDirPath = "";
			projectRoot = "";
			targets = (
				A7B9FFE41A6405F300FF1D34 /* PostCard */,
				A7B9FFF91A6405F300FF1D34 /* PostCardTests */,
			);
		};
/* End PBXProject section */

/* Begin PBXResourcesBuildPhase section */
		A7B9FFE31A6405F300FF1D34 /* Resources */ = {
			isa = PBXResourcesBuildPhase;
			buildActionMask = 2147483647;
			files = (
				A7B9FFF01A6405F300FF1D34 /* Main.storyboard in Resources */,
				A7CA68391A640F7E008E65D7 /* SagradaFamilia.jpeg in Resources */,
				A7CA683B1A64155C008E65D7 /* AlbertEinsteinStamp.jpg in Resources */,
				A7B9FFF51A6405F300FF1D34 /* LaunchScreen.xib in Resources */,
				A7B9FFF21A6405F300FF1D34 /* Images.xcassets in Resources */,
			);
			runOnlyForDeploymentPostprocessing = 0;
		};
		A7B9FFF81A6405F300FF1D34 /* Resources */ = {
			isa = PBXResourcesBuildPhase;
			buildActionMask = 2147483647;
			files = (
			);
			runOnlyForDeploymentPostprocessing = 0;
		};
/* End PBXResourcesBuildPhase section */

/* Begin PBXSourcesBuildPhase section */
		A7B9FFE11A6405F300FF1D34 /* Sources */ = {
			isa = PBXSourcesBuildPhase;
			buildActionMask = 2147483647;
			files = (
				A7B9FFED1A6405F300FF1D34 /* ViewController.swift in Sources */,
				A7B9FFEB1A6405F300FF1D34 /* AppDelegate.swift in Sources */,
			);
			runOnlyForDeploymentPostprocessing = 0;
		};
		A7B9FFF61A6405F300FF1D34 /* Sources */ = {
			isa = PBXSourcesBuildPhase;
			buildActionMask = 2147483647;
			files = (
				A7B900011A6405F300FF1D34 /* PostCardTests.swift in Sources */,
			);
			runOnlyForDeploymentPostprocessing = 0;
		};
/* End PBXSourcesBuildPhase section */

/* Begin PBXTargetDependency section */
		A7B9FFFC1A6405F300FF1D34 /* PBXTargetDependency */ = {
			isa = PBXTargetDependency;
			target = A7B9FFE41A6405F300FF1D34 /* PostCard */;
			targetProxy = A7B9FFFB1A6405F300FF1D34 /* PBXContainerItemProxy */;
		};
/* End PBXTargetDependency section */

/* Begin PBXVariantGroup section */
		A7B9FFEE1A6405F300FF1D34 /* Main.storyboard */ = {
			isa = PBXVariantGroup;
			children = (
				A7B9FFEF1A6405F300FF1D34 /* Base */,
			);
			name = Main.storyboard;
			sourceTree = "<group>";
		};
		A7B9FFF31A6405F300FF1D34 /* LaunchScreen.xib */ = {
			isa = PBXVariantGroup;
			children = (
				A7B9FFF41A6405F300FF1D34 /* Base */,
			);
			name = LaunchScreen.xib;
			sourceTree = "<group>";
		};
/* End PBXVariantGroup section */

/* Begin XCBuildConfiguration section */
		A7B900021A6405F300FF1D34 /* Debug */ = {
			isa = XCBuildConfiguration;
			buildSettings = {
				ALWAYS_SEARCH_USER_PATHS = NO;
				CLANG_CXX_LANGUAGE_STANDARD = "gnu++0x";
				CLANG_CXX_LIBRARY = "libc++";
				CLANG_ENABLE_MODULES = YES;
				CLANG_ENABLE_OBJC_ARC = YES;
				CLANG_WARN_BOOL_CONVERSION = YES;
				CLANG_WARN_CONSTANT_CONVERSION = YES;
				CLANG_WARN_DIRECT_OBJC_ISA_USAGE = YES_ERROR;
				CLANG_WARN_EMPTY_BODY = YES;
				CLANG_WARN_ENUM_CONVERSION = YES;
				CLANG_WARN_INT_CONVERSION = YES;
				CLANG_WARN_OBJC_ROOT_CLASS = YES_ERROR;
				CLANG_WARN_UNREACHABLE_CODE = YES;
				CLANG_WARN__DUPLICATE_METHOD_MATCH = YES;
				"CODE_SIGN_IDENTITY[sdk=iphoneos*]" = "iPhone Developer";
				COPY_PHASE_STRIP = NO;
				ENABLE_STRICT_OBJC_MSGSEND = YES;
				GCC_C_LANGUAGE_STANDARD = gnu99;
				GCC_DYNAMIC_NO_PIC = NO;
				GCC_OPTIMIZATION_LEVEL = 0;
				GCC_PREPROCESSOR_DEFINITIONS = (
					"DEBUG=1",
					"$(inherited)",
				);
				GCC_SYMBOLS_PRIVATE_EXTERN = NO;
				GCC_WARN_64_TO_32_BIT_CONVERSION = YES;
				GCC_WARN_ABOUT_RETURN_TYPE = YES_ERROR;
				GCC_WARN_UNDECLARED_SELECTOR = YES;
				GCC_WARN_UNINITIALIZED_AUTOS = YES_AGGRESSIVE;
				GCC_WARN_UNUSED_FUNCTION = YES;
				GCC_WARN_UNUSED_VARIABLE = YES;
				IPHONEOS_DEPLOYMENT_TARGET = 8.1;
				MTL_ENABLE_DEBUG_INFO = YES;
				ONLY_ACTIVE_ARCH = YES;
				SDKROOT = iphoneos;
				SWIFT_OPTIMIZATION_LEVEL = "-Onone";
				TARGETED_DEVICE_FAMILY = "1,2";
			};
			name = Debug;
		};
		A7B900031A6405F300FF1D34 /* Release */ = {
			isa = XCBuildConfiguration;
			buildSettings = {
				ALWAYS_SEARCH_USER_PATHS = NO;
				CLANG_CXX_LANGUAGE_STANDARD = "gnu++0x";
				CLANG_CXX_LIBRARY = "libc++";
				CLANG_ENABLE_MODULES = YES;
				CLANG_ENABLE_OBJC_ARC = YES;
				CLANG_WARN_BOOL_CONVERSION = YES;
				CLANG_WARN_CONSTANT_CONVERSION = YES;
				CLANG_WARN_DIRECT_OBJC_ISA_USAGE = YES_ERROR;
				CLANG_WARN_EMPTY_BODY = YES;
				CLANG_WARN_ENUM_CONVERSION = YES;
				CLANG_WARN_INT_CONVERSION = YES;
				CLANG_WARN_OBJC_ROOT_CLASS = YES_ERROR;
				CLANG_WARN_UNREACHABLE_CODE = YES;
				CLANG_WARN__DUPLICATE_METHOD_MATCH = YES;
				"CODE_SIGN_IDENTITY[sdk=iphoneos*]" = "iPhone Developer";
				COPY_PHASE_STRIP = YES;
				ENABLE_NS_ASSERTIONS = NO;
				ENABLE_STRICT_OBJC_MSGSEND = YES;
				GCC_C_LANGUAGE_STANDARD = gnu99;
				GCC_WARN_64_TO_32_BIT_CONVERSION = YES;
				GCC_WARN_ABOUT_RETURN_TYPE = YES_ERROR;
				GCC_WARN_UNDECLARED_SELECTOR = YES;
				GCC_WARN_UNINITIALIZED_AUTOS = YES_AGGRESSIVE;
				GCC_WARN_UNUSED_FUNCTION = YES;
				GCC_WARN_UNUSED_VARIABLE = YES;
				IPHONEOS_DEPLOYMENT_TARGET = 8.1;
				MTL_ENABLE_DEBUG_INFO = NO;
				SDKROOT = iphoneos;
				TARGETED_DEVICE_FAMILY = "1,2";
				VALIDATE_PRODUCT = YES;
			};
			name = Release;
		};
		A7B900051A6405F300FF1D34 /* Debug */ = {
			isa = XCBuildConfiguration;
			buildSettings = {
				ASSETCATALOG_COMPILER_APPICON_NAME = AppIcon;
				INFOPLIST_FILE = PostCard/Info.plist;
				LD_RUNPATH_SEARCH_PATHS = "$(inherited) @executable_path/Frameworks";
				PRODUCT_NAME = "$(TARGET_NAME)";
			};
			name = Debug;
		};
		A7B900061A6405F300FF1D34 /* Release */ = {
			isa = XCBuildConfiguration;
			buildSettings = {
				ASSETCATALOG_COMPILER_APPICON_NAME = AppIcon;
				INFOPLIST_FILE = PostCard/Info.plist;
				LD_RUNPATH_SEARCH_PATHS = "$(inherited) @executable_path/Frameworks";
				PRODUCT_NAME = "$(TARGET_NAME)";
			};
			name = Release;
		};
		A7B900081A6405F300FF1D34 /* Debug */ = {
			isa = XCBuildConfiguration;
			buildSettings = {
				BUNDLE_LOADER = "$(TEST_HOST)";
				FRAMEWORK_SEARCH_PATHS = (
					"$(SDKROOT)/Developer/Library/Frameworks",
					"$(inherited)",
				);
				GCC_PREPROCESSOR_DEFINITIONS = (
					"DEBUG=1",
					"$(inherited)",
				);
				INFOPLIST_FILE = PostCardTests/Info.plist;
				LD_RUNPATH_SEARCH_PATHS = "$(inherited) @executable_path/Frameworks @loader_path/Frameworks";
				PRODUCT_NAME = "$(TARGET_NAME)";
				TEST_HOST = "$(BUILT_PRODUCTS_DIR)/PostCard.app/PostCard";
			};
			name = Debug;
		};
		A7B900091A6405F300FF1D34 /* Release */ = {
			isa = XCBuildConfiguration;
			buildSettings = {
				BUNDLE_LOADER = "$(TEST_HOST)";
				FRAMEWORK_SEARCH_PATHS = (
					"$(SDKROOT)/Developer/Library/Frameworks",
					"$(inherited)",
				);
				INFOPLIST_FILE = PostCardTests/Info.plist;
				LD_RUNPATH_SEARCH_PATHS = "$(inherited) @executable_path/Frameworks @loader_path/Frameworks";
				PRODUCT_NAME = "$(TARGET_NAME)";
				TEST_HOST = "$(BUILT_PRODUCTS_DIR)/PostCard.app/PostCard";
			};
			name = Release;
		};
/* End XCBuildConfiguration section */

/* Begin XCConfigurationList section */
		A7B900041A6405F300FF1D34 /* Build configuration list for PBXNativeTarget "PostCard" */ = {
			isa = XCConfigurationList;
			buildConfigurations = (
				A7B900051A6405F300FF1D34 /* Debug */,
				A7B900061A6405F300FF1D34 /* Release */,
			);
			defaultConfigurationIsVisible = 0;
			defaultConfigurationName = Release;
		};
		A7B900071A6405F300FF1D34 /* Build configuration list for PBXNativeTarget "PostCardTests" */ = {
			isa = XCConfigurationList;
			buildConfigurations = (
				A7B900081A6405F300FF1D34 /* Debug */,
				A7B900091A6405F300FF1D34 /* Release */,
			);
			defaultConfigurationIsVisible = 0;
			defaultConfigurationName = Release;
		};
		A7B9FFE01A6405F300FF1D34 /* Build configuration list for PBXProject "PostCard" */ = {
			isa = XCConfigurationList;
			buildConfigurations = (
				A7B900021A6405F300FF1D34 /* Debug */,
				A7B900031A6405F300FF1D34 /* Release */,
			);
			defaultConfigurationIsVisible = 0;
			defaultConfigurationName = Release;
		};
/* End XCConfigurationList section */
	};
	rootObject = A7B9FFDD1A6405F300FF1D34 /* Project object */;
}
